
Microsoft Visual Studio Solution File, Format Version 12.00
# Visual Studio Version 17
VisualStudioVersion = 17.5.002.0
MinimumVisualStudioVersion = 10.0.40219.1
Project("{2150E333-8FDC-42A3-9474-1A3956D46DE8}") = "csharp-prep", "csharp-prep", "{299B0C8F-926A-4CA1-8882-666D6F64AE57}"
EndProject
Project("{9A19103F-16F7-4668-BE54-9A1E7A4F7556}") = "Prep1", "csharp-prep\Prep1\Prep1.csproj", "{35166850-0CE6-4A92-B54A-9AC7922D10D8}"
EndProject
Project("{9A19103F-16F7-4668-BE54-9A1E7A4F7556}") = "Prep2", "csharp-prep\Prep2\Prep2.csproj", "{01BDE211-D6ED-4E2D-9DF0-8AA459280459}"
EndProject
Project("{9A19103F-16F7-4668-BE54-9A1E7A4F7556}") = "Prep3", "csharp-prep\Prep3\Prep3.csproj", "{D19B19D5-088A-4B1B-8960-BA8CC5B24198}"
EndProject
Project("{9A19103F-16F7-4668-BE54-9A1E7A4F7556}") = "Prep4", "csharp-prep\Prep4\Prep4.csproj", "{2C493FBB-9B3B-4FD9-B1F2-A24A691502EA}"
EndProject
Project("{9A19103F-16F7-4668-BE54-9A1E7A4F7556}") = "Prep5", "csharp-prep\Prep5\Prep5.csproj", "{89E83805-DD1B-4113-A327-BC47E11CD446}"
EndProject
Project("{2150E333-8FDC-42A3-9474-1A3956D46DE8}") = "final", "final", "{4A6BEB1C-B742-4B8F-9A92-143244F0F791}"
EndProject
Project("{9A19103F-16F7-4668-BE54-9A1E7A4F7556}") = "FinalProject", "final\FinalProject\FinalProject.csproj", "{6CE3B002-25FF-426D-8926-EB302B23A352}"
EndProject
Project("{9A19103F-16F7-4668-BE54-9A1E7A4F7556}") = "Foundation1", "final\Foundation1\Foundation1.csproj", "{17BFCCC8-8B1B-4CA3-BB38-2B287A9EE47F}"
EndProject
Project("{9A19103F-16F7-4668-BE54-9A1E7A4F7556}") = "Foundation2", "final\Foundation2\Foundation2.csproj", "{EAD4D4BD-3442-48EE-9651-54276B9170D0}"
EndProject
Project("{9A19103F-16F7-4668-BE54-9A1E7A4F7556}") = "Foundation3", "final\Foundation3\Foundation3.csproj", "{220114BC-7B29-497F-B6D9-D15A28009A37}"
EndProject
Project("{9A19103F-16F7-4668-BE54-9A1E7A4F7556}") = "Foundation4", "final\Foundation4\Foundation4.csproj", "{43EAC1DD-5916-46F8-B119-E20C20CBE266}"
EndProject
Project("{2150E333-8FDC-42A3-9474-1A3956D46DE8}") = "prepare", "prepare", "{14E2004C-9CC5-4589-B8FA-082AF84FFC0B}"
EndProject
Project("{9A19103F-16F7-4668-BE54-9A1E7A4F7556}") = "Learning02", "prepare\Learning02\Learning02.csproj", "{3AA5076D-2AE3-436B-B2F0-BDEF7D724656}"
EndProject
Project("{9A19103F-16F7-4668-BE54-9A1E7A4F7556}") = "Learning03", "prepare\Learning03\Learning03.csproj", "{E920065B-2E70-4C09-BA00-1767810C411C}"
EndProject
Project("{9A19103F-16F7-4668-BE54-9A1E7A4F7556}") = "Learning04", "prepare\Learning04\Learning04.csproj", "{993B605C-8D38-41CD-B9E0-614A1DA5640E}"
EndProject
Project("{9A19103F-16F7-4668-BE54-9A1E7A4F7556}") = "Learning05", "prepare\Learning05\Learning05.csproj", "{06171ED2-5653-430C-B138-3887579BFAD1}"
EndProject
Project("{2150E333-8FDC-42A3-9474-1A3956D46DE8}") = "prove", "prove", "{9013D408-E3B5-4FB2-99BE-FD7750C80236}"
EndProject
Project("{9A19103F-16F7-4668-BE54-9A1E7A4F7556}") = "Develop02", "prove\Develop02\Develop02.csproj", "{F98CE592-E376-4808-A39D-A0FE4CDBF05A}"
EndProject
Project("{9A19103F-16F7-4668-BE54-9A1E7A4F7556}") = "Develop03", "prove\Develop03\Develop03.csproj", "{1D0481FF-F22A-4C2F-9D5F-447944A18FDA}"
EndProject
Project("{9A19103F-16F7-4668-BE54-9A1E7A4F7556}") = "Develop04", "prove\Develop04\Develop04.csproj", "{3D2FF384-BD7D-498F-BB29-5FABC46B8195}"
EndProject
Project("{9A19103F-16F7-4668-BE54-9A1E7A4F7556}") = "Develop05", "prove\Develop05\Develop05.csproj", "{175AB65F-3F9B-4A87-86EA-0AEC5001509C}"
EndProject
Project("{2150E333-8FDC-42A3-9474-1A3956D46DE8}") = "sandbox", "sandbox", "{8046BA40-F4A3-4405-8076-1BDE3A2CE8AC}"
EndProject
Project("{9A19103F-16F7-4668-BE54-9A1E7A4F7556}") = "Sandbox", "sandbox\Sandbox\Sandbox.csproj", "{352A717B-21A5-4D1B-A7CA-54465C4EE1D4}"
EndProject
Global
	GlobalSection(SolutionConfigurationPlatforms) = preSolution
		Debug|Any CPU = Debug|Any CPU
		Release|Any CPU = Release|Any CPU
	EndGlobalSection
	GlobalSection(ProjectConfigurationPlatforms) = postSolution
		{35166850-0CE6-4A92-B54A-9AC7922D10D8}.Debug|Any CPU.ActiveCfg = Debug|Any CPU
		{35166850-0CE6-4A92-B54A-9AC7922D10D8}.Debug|Any CPU.Build.0 = Debug|Any CPU
		{35166850-0CE6-4A92-B54A-9AC7922D10D8}.Release|Any CPU.ActiveCfg = Release|Any CPU
		{35166850-0CE6-4A92-B54A-9AC7922D10D8}.Release|Any CPU.Build.0 = Release|Any CPU
		{01BDE211-D6ED-4E2D-9DF0-8AA459280459}.Debug|Any CPU.ActiveCfg = Debug|Any CPU
		{01BDE211-D6ED-4E2D-9DF0-8AA459280459}.Debug|Any CPU.Build.0 = Debug|Any CPU
		{01BDE211-D6ED-4E2D-9DF0-8AA459280459}.Release|Any CPU.ActiveCfg = Release|Any CPU
		{01BDE211-D6ED-4E2D-9DF0-8AA459280459}.Release|Any CPU.Build.0 = Release|Any CPU
		{D19B19D5-088A-4B1B-8960-BA8CC5B24198}.Debug|Any CPU.ActiveCfg = Debug|Any CPU
		{D19B19D5-088A-4B1B-8960-BA8CC5B24198}.Debug|Any CPU.Build.0 = Debug|Any CPU
		{D19B19D5-088A-4B1B-8960-BA8CC5B24198}.Release|Any CPU.ActiveCfg = Release|Any CPU
		{D19B19D5-088A-4B1B-8960-BA8CC5B24198}.Release|Any CPU.Build.0 = Release|Any CPU
		{2C493FBB-9B3B-4FD9-B1F2-A24A691502EA}.Debug|Any CPU.ActiveCfg = Debug|Any CPU
		{2C493FBB-9B3B-4FD9-B1F2-A24A691502EA}.Debug|Any CPU.Build.0 = Debug|Any CPU
		{2C493FBB-9B3B-4FD9-B1F2-A24A691502EA}.Release|Any CPU.ActiveCfg = Release|Any CPU
		{2C493FBB-9B3B-4FD9-B1F2-A24A691502EA}.Release|Any CPU.Build.0 = Release|Any CPU
		{89E83805-DD1B-4113-A327-BC47E11CD446}.Debug|Any CPU.ActiveCfg = Debug|Any CPU
		{89E83805-DD1B-4113-A327-BC47E11CD446}.Debug|Any CPU.Build.0 = Debug|Any CPU
		{89E83805-DD1B-4113-A327-BC47E11CD446}.Release|Any CPU.ActiveCfg = Release|Any CPU
		{89E83805-DD1B-4113-A327-BC47E11CD446}.Release|Any CPU.Build.0 = Release|Any CPU
		{6CE3B002-25FF-426D-8926-EB302B23A352}.Debug|Any CPU.ActiveCfg = Debug|Any CPU
		{6CE3B002-25FF-426D-8926-EB302B23A352}.Debug|Any CPU.Build.0 = Debug|Any CPU
		{6CE3B002-25FF-426D-8926-EB302B23A352}.Release|Any CPU.ActiveCfg = Release|Any CPU
		{6CE3B002-25FF-426D-8926-EB302B23A352}.Release|Any CPU.Build.0 = Release|Any CPU
		{17BFCCC8-8B1B-4CA3-BB38-2B287A9EE47F}.Debug|Any CPU.ActiveCfg = Debug|Any CPU
		{17BFCCC8-8B1B-4CA3-BB38-2B287A9EE47F}.Debug|Any CPU.Build.0 = Debug|Any CPU
		{17BFCCC8-8B1B-4CA3-BB38-2B287A9EE47F}.Release|Any CPU.ActiveCfg = Release|Any CPU
		{17BFCCC8-8B1B-4CA3-BB38-2B287A9EE47F}.Release|Any CPU.Build.0 = Release|Any CPU
		{EAD4D4BD-3442-48EE-9651-54276B9170D0}.Debug|Any CPU.ActiveCfg = Debug|Any CPU
		{EAD4D4BD-3442-48EE-9651-54276B9170D0}.Debug|Any CPU.Build.0 = Debug|Any CPU
		{EAD4D4BD-3442-48EE-9651-54276B9170D0}.Release|Any CPU.ActiveCfg = Release|Any CPU
		{EAD4D4BD-3442-48EE-9651-54276B9170D0}.Release|Any CPU.Build.0 = Release|Any CPU
		{220114BC-7B29-497F-B6D9-D15A28009A37}.Debug|Any CPU.ActiveCfg = Debug|Any CPU
		{220114BC-7B29-497F-B6D9-D15A28009A37}.Debug|Any CPU.Build.0 = Debug|Any CPU
		{220114BC-7B29-497F-B6D9-D15A28009A37}.Release|Any CPU.ActiveCfg = Release|Any CPU
		{220114BC-7B29-497F-B6D9-D15A28009A37}.Release|Any CPU.Build.0 = Release|Any CPU
		{43EAC1DD-5916-46F8-B119-E20C20CBE266}.Debug|Any CPU.ActiveCfg = Debug|Any CPU
		{43EAC1DD-5916-46F8-B119-E20C20CBE266}.Debug|Any CPU.Build.0 = Debug|Any CPU
		{43EAC1DD-5916-46F8-B119-E20C20CBE266}.Release|Any CPU.ActiveCfg = Release|Any CPU
		{43EAC1DD-5916-46F8-B119-E20C20CBE266}.Release|Any CPU.Build.0 = Release|Any CPU
		{3AA5076D-2AE3-436B-B2F0-BDEF7D724656}.Debug|Any CPU.ActiveCfg = Debug|Any CPU
		{3AA5076D-2AE3-436B-B2F0-BDEF7D724656}.Debug|Any CPU.Build.0 = Debug|Any CPU
		{3AA5076D-2AE3-436B-B2F0-BDEF7D724656}.Release|Any CPU.ActiveCfg = Release|Any CPU
		{3AA5076D-2AE3-436B-B2F0-BDEF7D724656}.Release|Any CPU.Build.0 = Release|Any CPU
		{E920065B-2E70-4C09-BA00-1767810C411C}.Debug|Any CPU.ActiveCfg = Debug|Any CPU
		{E920065B-2E70-4C09-BA00-1767810C411C}.Debug|Any CPU.Build.0 = Debug|Any CPU
		{E920065B-2E70-4C09-BA00-1767810C411C}.Release|Any CPU.ActiveCfg = Release|Any CPU
		{E920065B-2E70-4C09-BA00-1767810C411C}.Release|Any CPU.Build.0 = Release|Any CPU
		{993B605C-8D38-41CD-B9E0-614A1DA5640E}.Debug|Any CPU.ActiveCfg = Debug|Any CPU
		{993B605C-8D38-41CD-B9E0-614A1DA5640E}.Debug|Any CPU.Build.0 = Debug|Any CPU
		{993B605C-8D38-41CD-B9E0-614A1DA5640E}.Release|Any CPU.ActiveCfg = Release|Any CPU
		{993B605C-8D38-41CD-B9E0-614A1DA5640E}.Release|Any CPU.Build.0 = Release|Any CPU
		{06171ED2-5653-430C-B138-3887579BFAD1}.Debug|Any CPU.ActiveCfg = Debug|Any CPU
		{06171ED2-5653-430C-B138-3887579BFAD1}.Debug|Any CPU.Build.0 = Debug|Any CPU
		{06171ED2-5653-430C-B138-3887579BFAD1}.Release|Any CPU.ActiveCfg = Release|Any CPU
		{06171ED2-5653-430C-B138-3887579BFAD1}.Release|Any CPU.Build.0 = Release|Any CPU
		{F98CE592-E376-4808-A39D-A0FE4CDBF05A}.Debug|Any CPU.ActiveCfg = Debug|Any CPU
		{F98CE592-E376-4808-A39D-A0FE4CDBF05A}.Debug|Any CPU.Build.0 = Debug|Any CPU
		{F98CE592-E376-4808-A39D-A0FE4CDBF05A}.Release|Any CPU.ActiveCfg = Release|Any CPU
		{F98CE592-E376-4808-A39D-A0FE4CDBF05A}.Release|Any CPU.Build.0 = Release|Any CPU
		{1D0481FF-F22A-4C2F-9D5F-447944A18FDA}.Debug|Any CPU.ActiveCfg = Debug|Any CPU
		{1D0481FF-F22A-4C2F-9D5F-447944A18FDA}.Debug|Any CPU.Build.0 = Debug|Any CPU
		{1D0481FF-F22A-4C2F-9D5F-447944A18FDA}.Release|Any CPU.ActiveCfg = Release|Any CPU
		{1D0481FF-F22A-4C2F-9D5F-447944A18FDA}.Release|Any CPU.Build.0 = Release|Any CPU
		{3D2FF384-BD7D-498F-BB29-5FABC46B8195}.Debug|Any CPU.ActiveCfg = Debug|Any CPU
		{3D2FF384-BD7D-498F-BB29-5FABC46B8195}.Debug|Any CPU.Build.0 = Debug|Any CPU
		{3D2FF384-BD7D-498F-BB29-5FABC46B8195}.Release|Any CPU.ActiveCfg = Release|Any CPU
		{3D2FF384-BD7D-498F-BB29-5FABC46B8195}.Release|Any CPU.Build.0 = Release|Any CPU
		{175AB65F-3F9B-4A87-86EA-0AEC5001509C}.Debug|Any CPU.ActiveCfg = Debug|Any CPU
		{175AB65F-3F9B-4A87-86EA-0AEC5001509C}.Debug|Any CPU.Build.0 = Debug|Any CPU
		{175AB65F-3F9B-4A87-86EA-0AEC5001509C}.Release|Any CPU.ActiveCfg = Release|Any CPU
		{175AB65F-3F9B-4A87-86EA-0AEC5001509C}.Release|Any CPU.Build.0 = Release|Any CPU
		{352A717B-21A5-4D1B-A7CA-54465C4EE1D4}.Debug|Any CPU.ActiveCfg = Debug|Any CPU
		{352A717B-21A5-4D1B-A7CA-54465C4EE1D4}.Debug|Any CPU.Build.0 = Debug|Any CPU
		{352A717B-21A5-4D1B-A7CA-54465C4EE1D4}.Release|Any CPU.ActiveCfg = Release|Any CPU
		{352A717B-21A5-4D1B-A7CA-54465C4EE1D4}.Release|Any CPU.Build.0 = Release|Any CPU
	EndGlobalSection
	GlobalSection(SolutionProperties) = preSolution
		HideSolutionNode = FALSE
	EndGlobalSection
	GlobalSection(NestedProjects) = preSolution
		{35166850-0CE6-4A92-B54A-9AC7922D10D8} = {299B0C8F-926A-4CA1-8882-666D6F64AE57}
		{01BDE211-D6ED-4E2D-9DF0-8AA459280459} = {299B0C8F-926A-4CA1-8882-666D6F64AE57}
		{D19B19D5-088A-4B1B-8960-BA8CC5B24198} = {299B0C8F-926A-4CA1-8882-666D6F64AE57}
		{2C493FBB-9B3B-4FD9-B1F2-A24A691502EA} = {299B0C8F-926A-4CA1-8882-666D6F64AE57}
		{89E83805-DD1B-4113-A327-BC47E11CD446} = {299B0C8F-926A-4CA1-8882-666D6F64AE57}
		{6CE3B002-25FF-426D-8926-EB302B23A352} = {4A6BEB1C-B742-4B8F-9A92-143244F0F791}
		{17BFCCC8-8B1B-4CA3-BB38-2B287A9EE47F} = {4A6BEB1C-B742-4B8F-9A92-143244F0F791}
		{EAD4D4BD-3442-48EE-9651-54276B9170D0} = {4A6BEB1C-B742-4B8F-9A92-143244F0F791}
		{220114BC-7B29-497F-B6D9-D15A28009A37} = {4A6BEB1C-B742-4B8F-9A92-143244F0F791}
		{43EAC1DD-5916-46F8-B119-E20C20CBE266} = {4A6BEB1C-B742-4B8F-9A92-143244F0F791}
		{3AA5076D-2AE3-436B-B2F0-BDEF7D724656} = {14E2004C-9CC5-4589-B8FA-082AF84FFC0B}
		{E920065B-2E70-4C09-BA00-1767810C411C} = {14E2004C-9CC5-4589-B8FA-082AF84FFC0B}
		{993B605C-8D38-41CD-B9E0-614A1DA5640E} = {14E2004C-9CC5-4589-B8FA-082AF84FFC0B}
		{06171ED2-5653-430C-B138-3887579BFAD1} = {14E2004C-9CC5-4589-B8FA-082AF84FFC0B}
		{F98CE592-E376-4808-A39D-A0FE4CDBF05A} = {9013D408-E3B5-4FB2-99BE-FD7750C80236}
		{1D0481FF-F22A-4C2F-9D5F-447944A18FDA} = {9013D408-E3B5-4FB2-99BE-FD7750C80236}
		{3D2FF384-BD7D-498F-BB29-5FABC46B8195} = {9013D408-E3B5-4FB2-99BE-FD7750C80236}
		{175AB65F-3F9B-4A87-86EA-0AEC5001509C} = {9013D408-E3B5-4FB2-99BE-FD7750C80236}
		{352A717B-21A5-4D1B-A7CA-54465C4EE1D4} = {8046BA40-F4A3-4405-8076-1BDE3A2CE8AC}
	EndGlobalSection
	GlobalSection(ExtensibilityGlobals) = postSolution
		SolutionGuid = {C68976F4-2CED-42BB-9803-F7B61500F312}
	EndGlobalSection
EndGlobal
